
Microsoft Visual Studio Solution File, Format Version 12.00
# Visual Studio Version 16
VisualStudioVersion = 16.0.31729.503
MinimumVisualStudioVersion = 10.0.40219.1
Project("{FAE04EC0-301F-11D3-BF4B-00C04F79EFBC}") = "WordCounter", "WordCounter\WordCounter.csproj", "{B8BC2D62-30FE-41C3-8742-3EB5187C9513}"
EndProject
Global
	GlobalSection(SolutionConfigurationPlatforms) = preSolution
		Debug|Any CPU = Debug|Any CPU
		Release|Any CPU = Release|Any CPU
	EndGlobalSection
	GlobalSection(ProjectConfigurationPlatforms) = postSolution
		{B8BC2D62-30FE-41C3-8742-3EB5187C9513}.Debug|Any CPU.ActiveCfg = Debug|Any CPU
		{B8BC2D62-30FE-41C3-8742-3EB5187C9513}.Debug|Any CPU.Build.0 = Debug|Any CPU
		{B8BC2D62-30FE-41C3-8742-3EB5187C9513}.Release|Any CPU.ActiveCfg = Release|Any CPU
		{B8BC2D62-30FE-41C3-8742-3EB5187C9513}.Release|Any CPU.Build.0 = Release|Any CPU
	EndGlobalSection
	GlobalSection(SolutionProperties) = preSolution
		HideSolutionNode = FALSE
	EndGlobalSection
	GlobalSection(ExtensibilityGlobals) = postSolution
		SolutionGuid = {CF471B37-133D-4C6C-AACC-AAF24D60B04D}
	EndGlobalSection
EndGlobal
